// !$*UTF8*$!
{
	archiveVersion = 1;
	classes = {
	};
	objectVersion = 55;
	objects = {

/* Begin PBXBuildFile section */
		D50EB169286450BB00B075AA /* HelpGen.swift in Sources */ = {isa = PBXBuildFile; fileRef = D50EB168286450BB00B075AA /* HelpGen.swift */; };
		D50EB1792864530C00B075AA /* ArgumentParser in Frameworks */ = {isa = PBXBuildFile; productRef = D50EB1782864530C00B075AA /* ArgumentParser */; };
		D50EB17B2864540700B075AA /* Lexer.swift in Sources */ = {isa = PBXBuildFile; fileRef = D50EB17A2864540700B075AA /* Lexer.swift */; };
		D50EB17D2864541400B075AA /* Token.swift in Sources */ = {isa = PBXBuildFile; fileRef = D50EB17C2864541400B075AA /* Token.swift */; };
		D50EB17F286454F000B075AA /* Project.swift in Sources */ = {isa = PBXBuildFile; fileRef = D50EB17E286454F000B075AA /* Project.swift */; };
		D50EB18528645EF800B075AA /* HelpSourceLexer.swift in Sources */ = {isa = PBXBuildFile; fileRef = D50EB18428645EF800B075AA /* HelpSourceLexer.swift */; };
		D50EB1892864601700B075AA /* BuildCommand.swift in Sources */ = {isa = PBXBuildFile; fileRef = D50EB1882864601700B075AA /* BuildCommand.swift */; };
		D50EB18E286465E600B075AA /* Logger.swift in Sources */ = {isa = PBXBuildFile; fileRef = D50EB18D286465E600B075AA /* Logger.swift */; };
		D50EB19128646B3400B075AA /* WhiteSpacesListTokenGenerator.swift in Sources */ = {isa = PBXBuildFile; fileRef = D50EB19028646B3400B075AA /* WhiteSpacesListTokenGenerator.swift */; };
		D50EB19328646BD900B075AA /* TokenGenerator.swift in Sources */ = {isa = PBXBuildFile; fileRef = D50EB19228646BD900B075AA /* TokenGenerator.swift */; };
		D50EB1952864754C00B075AA /* PropertiesSectionTokenGenerator.swift in Sources */ = {isa = PBXBuildFile; fileRef = D50EB1942864754C00B075AA /* PropertiesSectionTokenGenerator.swift */; };
		D50EB19828648C8800B075AA /* HelpSourceParser.swift in Sources */ = {isa = PBXBuildFile; fileRef = D50EB19728648C8800B075AA /* HelpSourceParser.swift */; };
		D50EB1A42864901F00B075AA /* HelpSourceLexerTests.swift in Sources */ = {isa = PBXBuildFile; fileRef = D50EB1A32864901F00B075AA /* HelpSourceLexerTests.swift */; };
		D50EB1A82864910200B075AA /* TokenGenerator.swift in Sources */ = {isa = PBXBuildFile; fileRef = D50EB19228646BD900B075AA /* TokenGenerator.swift */; };
		D50EB1A92864910200B075AA /* WhiteSpacesListTokenGenerator.swift in Sources */ = {isa = PBXBuildFile; fileRef = D50EB19028646B3400B075AA /* WhiteSpacesListTokenGenerator.swift */; };
		D50EB1AA2864910200B075AA /* PropertiesSectionTokenGenerator.swift in Sources */ = {isa = PBXBuildFile; fileRef = D50EB1942864754C00B075AA /* PropertiesSectionTokenGenerator.swift */; };
		D50EB1AC2864910200B075AA /* Lexer.swift in Sources */ = {isa = PBXBuildFile; fileRef = D50EB17A2864540700B075AA /* Lexer.swift */; };
		D50EB1AD2864910200B075AA /* HelpSourceLexer.swift in Sources */ = {isa = PBXBuildFile; fileRef = D50EB18428645EF800B075AA /* HelpSourceLexer.swift */; };
		D50EB1AE2864910200B075AA /* Token.swift in Sources */ = {isa = PBXBuildFile; fileRef = D50EB17C2864541400B075AA /* Token.swift */; };
		D50EB1B12864961400B075AA /* PropertyTokenGenerator.swift in Sources */ = {isa = PBXBuildFile; fileRef = D50EB1B02864961400B075AA /* PropertyTokenGenerator.swift */; };
		D50EB1B328649CEE00B075AA /* ValueTokenGenerator.swift in Sources */ = {isa = PBXBuildFile; fileRef = D50EB1B228649CEE00B075AA /* ValueTokenGenerator.swift */; };
		D50EB1B42864A04600B075AA /* PropertyTokenGenerator.swift in Sources */ = {isa = PBXBuildFile; fileRef = D50EB1B02864961400B075AA /* PropertyTokenGenerator.swift */; };
		D50EB1B52864A04600B075AA /* ValueTokenGenerator.swift in Sources */ = {isa = PBXBuildFile; fileRef = D50EB1B228649CEE00B075AA /* ValueTokenGenerator.swift */; };
		D50EB1B72864A0DF00B075AA /* OperatorTokenGenerator.swift in Sources */ = {isa = PBXBuildFile; fileRef = D50EB1B62864A0DF00B075AA /* OperatorTokenGenerator.swift */; };
		D50EB1B82864A8AF00B075AA /* OperatorTokenGenerator.swift in Sources */ = {isa = PBXBuildFile; fileRef = D50EB1B62864A0DF00B075AA /* OperatorTokenGenerator.swift */; };
		D50EB1BA2864AD7C00B075AA /* ElementTokenGenerator.swift in Sources */ = {isa = PBXBuildFile; fileRef = D50EB1B92864AD7C00B075AA /* ElementTokenGenerator.swift */; };
		D50EB1BB2864C8C900B075AA /* ElementTokenGenerator.swift in Sources */ = {isa = PBXBuildFile; fileRef = D50EB1B92864AD7C00B075AA /* ElementTokenGenerator.swift */; };
		D50EB1BD2864CE2500B075AA /* Parser.swift in Sources */ = {isa = PBXBuildFile; fileRef = D50EB1BC2864CE2500B075AA /* Parser.swift */; };
		D50EB1C02864D26100B075AA /* ExprNode.swift in Sources */ = {isa = PBXBuildFile; fileRef = D50EB1BF2864D26100B075AA /* ExprNode.swift */; };
		D50EB1C22864D32800B075AA /* PropertyNode.swift in Sources */ = {isa = PBXBuildFile; fileRef = D50EB1C12864D32800B075AA /* PropertyNode.swift */; };
		D50EB1C42864D3A000B075AA /* ElementNode.swift in Sources */ = {isa = PBXBuildFile; fileRef = D50EB1C32864D3A000B075AA /* ElementNode.swift */; };
		D50EB1C62865B5C800B075AA /* PropertiesNode.swift in Sources */ = {isa = PBXBuildFile; fileRef = D50EB1C52865B5C800B075AA /* PropertiesNode.swift */; };
		D50EB1C92865CE4700B075AA /* HelpSourceParserTests.swift in Sources */ = {isa = PBXBuildFile; fileRef = D50EB1C82865CE4700B075AA /* HelpSourceParserTests.swift */; };
		D50EB1CA2865CE8900B075AA /* Parser.swift in Sources */ = {isa = PBXBuildFile; fileRef = D50EB1BC2864CE2500B075AA /* Parser.swift */; };
		D50EB1CB2865CE8900B075AA /* HelpSourceParser.swift in Sources */ = {isa = PBXBuildFile; fileRef = D50EB19728648C8800B075AA /* HelpSourceParser.swift */; };
		D50EB1CC2865CECB00B075AA /* ExprNode.swift in Sources */ = {isa = PBXBuildFile; fileRef = D50EB1BF2864D26100B075AA /* ExprNode.swift */; };
		D50EB1CD2865CECB00B075AA /* PropertiesNode.swift in Sources */ = {isa = PBXBuildFile; fileRef = D50EB1C52865B5C800B075AA /* PropertiesNode.swift */; };
		D50EB1CE2865CECB00B075AA /* PropertyNode.swift in Sources */ = {isa = PBXBuildFile; fileRef = D50EB1C12864D32800B075AA /* PropertyNode.swift */; };
		D50EB1CF2865CECB00B075AA /* ElementNode.swift in Sources */ = {isa = PBXBuildFile; fileRef = D50EB1C32864D3A000B075AA /* ElementNode.swift */; };
		D50EB1D12865DA0D00B075AA /* HelpSourceNode.swift in Sources */ = {isa = PBXBuildFile; fileRef = D50EB1D02865DA0D00B075AA /* HelpSourceNode.swift */; };
		D50EB1D22865DC4000B075AA /* HelpSourceNode.swift in Sources */ = {isa = PBXBuildFile; fileRef = D50EB1D02865DA0D00B075AA /* HelpSourceNode.swift */; };
		D50EB1D42865E37D00B075AA /* TestFiles.swift in Sources */ = {isa = PBXBuildFile; fileRef = D50EB1D32865E37D00B075AA /* TestFiles.swift */; };
		D50EB1D92865F26200B075AA /* HelpSourceFile.swift in Sources */ = {isa = PBXBuildFile; fileRef = D50EB1D82865F26200B075AA /* HelpSourceFile.swift */; };
		D50EB1DC2865F7AE00B075AA /* GetProjectPropertiesStep.swift in Sources */ = {isa = PBXBuildFile; fileRef = D50EB1DB2865F7AE00B075AA /* GetProjectPropertiesStep.swift */; };
		D50EB1DE2865F99B00B075AA /* ParseHelpSourceFileStep.swift in Sources */ = {isa = PBXBuildFile; fileRef = D50EB1DD2865F99B00B075AA /* ParseHelpSourceFileStep.swift */; };
		D50EB1E02865FB4300B075AA /* GenerateHelpFileStep.swift in Sources */ = {isa = PBXBuildFile; fileRef = D50EB1DF2865FB4300B075AA /* GenerateHelpFileStep.swift */; };
		D50EB1E22865FB8C00B075AA /* BuildStep.swift in Sources */ = {isa = PBXBuildFile; fileRef = D50EB1E12865FB8C00B075AA /* BuildStep.swift */; };
		D50EB1E52865FF6200B075AA /* Generator.swift in Sources */ = {isa = PBXBuildFile; fileRef = D50EB1E42865FF6200B075AA /* Generator.swift */; };
		D50EB1E72865FF8F00B075AA /* Generatable.swift in Sources */ = {isa = PBXBuildFile; fileRef = D50EB1E62865FF8F00B075AA /* Generatable.swift */; };
		D50EB1EC2866035100B075AA /* HTMLHelpGenerator.swift in Sources */ = {isa = PBXBuildFile; fileRef = D50EB1EB2866035100B075AA /* HTMLHelpGenerator.swift */; };
		D50EB1EE286605C900B075AA /* SourceFile.swift in Sources */ = {isa = PBXBuildFile; fileRef = D50EB1ED286605C900B075AA /* SourceFile.swift */; };
		D50EB1F228660F2100B075AA /* PropertyQueryable.swift in Sources */ = {isa = PBXBuildFile; fileRef = D50EB1F128660F2100B075AA /* PropertyQueryable.swift */; };
		D50EB1F5286616E900B075AA /* SwiftSoup in Frameworks */ = {isa = PBXBuildFile; productRef = D50EB1F4286616E900B075AA /* SwiftSoup */; };
		D50EB1F7286618CD00B075AA /* HTMLHelpGeneratorTests.swift in Sources */ = {isa = PBXBuildFile; fileRef = D50EB1F6286618CD00B075AA /* HTMLHelpGeneratorTests.swift */; };
		D50EB1F8286618F100B075AA /* SourceFile.swift in Sources */ = {isa = PBXBuildFile; fileRef = D50EB1ED286605C900B075AA /* SourceFile.swift */; };
		D50EB1F9286618F100B075AA /* PropertyQueryable.swift in Sources */ = {isa = PBXBuildFile; fileRef = D50EB1F128660F2100B075AA /* PropertyQueryable.swift */; };
		D50EB1FA286618F100B075AA /* Generatable.swift in Sources */ = {isa = PBXBuildFile; fileRef = D50EB1E62865FF8F00B075AA /* Generatable.swift */; };
		D50EB1FB286618F100B075AA /* Generator.swift in Sources */ = {isa = PBXBuildFile; fileRef = D50EB1E42865FF6200B075AA /* Generator.swift */; };
		D50EB1FC286618F100B075AA /* HTMLHelpGenerator.swift in Sources */ = {isa = PBXBuildFile; fileRef = D50EB1EB2866035100B075AA /* HTMLHelpGenerator.swift */; };
		D50EB1FD28661C1200B075AA /* HelpSourceFile.swift in Sources */ = {isa = PBXBuildFile; fileRef = D50EB1D82865F26200B075AA /* HelpSourceFile.swift */; };
		D50EB1FE28661C7300B075AA /* Project.swift in Sources */ = {isa = PBXBuildFile; fileRef = D50EB17E286454F000B075AA /* Project.swift */; };
		D50EB20128661CF900B075AA /* SwiftSoup in Frameworks */ = {isa = PBXBuildFile; productRef = D50EB20028661CF900B075AA /* SwiftSoup */; };
		D50EB20228661D2900B075AA /* ParseHelpSourceFileStep.swift in Sources */ = {isa = PBXBuildFile; fileRef = D50EB1DD2865F99B00B075AA /* ParseHelpSourceFileStep.swift */; };
		D50EB20328661D2900B075AA /* GetProjectPropertiesStep.swift in Sources */ = {isa = PBXBuildFile; fileRef = D50EB1DB2865F7AE00B075AA /* GetProjectPropertiesStep.swift */; };
		D50EB20428661D2900B075AA /* GenerateHelpFileStep.swift in Sources */ = {isa = PBXBuildFile; fileRef = D50EB1DF2865FB4300B075AA /* GenerateHelpFileStep.swift */; };
		D50EB20528661D2900B075AA /* BuildStep.swift in Sources */ = {isa = PBXBuildFile; fileRef = D50EB1E12865FB8C00B075AA /* BuildStep.swift */; };
		D50EB20628661D7500B075AA /* Logger.swift in Sources */ = {isa = PBXBuildFile; fileRef = D50EB18D286465E600B075AA /* Logger.swift */; };
		D50EB20D2866E2D000B075AA /* StringReplacer.swift in Sources */ = {isa = PBXBuildFile; fileRef = D50EB20C2866E2D000B075AA /* StringReplacer.swift */; };
		D50EB2102866E45500B075AA /* RegExprCache.swift in Sources */ = {isa = PBXBuildFile; fileRef = D50EB20F2866E45500B075AA /* RegExprCache.swift */; };
		D50EB2122866E5E000B075AA /* PropertiesReplacer.swift in Sources */ = {isa = PBXBuildFile; fileRef = D50EB2112866E5E000B075AA /* PropertiesReplacer.swift */; };
		D50EB2142866E6F800B075AA /* StringReplacable.swift in Sources */ = {isa = PBXBuildFile; fileRef = D50EB2132866E6F800B075AA /* StringReplacable.swift */; };
		D50EB2172866E76300B075AA /* GenericError.swift in Sources */ = {isa = PBXBuildFile; fileRef = D50EB2162866E76300B075AA /* GenericError.swift */; };
		D50EB21A2866E9E000B075AA /* RegExprMatchable.swift in Sources */ = {isa = PBXBuildFile; fileRef = D50EB2192866E9E000B075AA /* RegExprMatchable.swift */; };
		D50EB21D2866EABD00B075AA /* RegExprConstants.swift in Sources */ = {isa = PBXBuildFile; fileRef = D50EB21C2866EABD00B075AA /* RegExprConstants.swift */; };
		D50EB2202866F1DC00B075AA /* NSTextCheckingResultExtension.swift in Sources */ = {isa = PBXBuildFile; fileRef = D50EB21F2866F1DC00B075AA /* NSTextCheckingResultExtension.swift */; };
		D50EB2222866FE9F00B075AA /* DOMStringReplacer.swift in Sources */ = {isa = PBXBuildFile; fileRef = D50EB2212866FE9F00B075AA /* DOMStringReplacer.swift */; };
		D50EB2242866FF7000B075AA /* Constants.swift in Sources */ = {isa = PBXBuildFile; fileRef = D50EB2232866FF7000B075AA /* Constants.swift */; };
		D50EB227286700CB00B075AA /* FileType.swift in Sources */ = {isa = PBXBuildFile; fileRef = D50EB226286700CB00B075AA /* FileType.swift */; };
		D50EB229286702F000B075AA /* StringReplacers.swift in Sources */ = {isa = PBXBuildFile; fileRef = D50EB228286702F000B075AA /* StringReplacers.swift */; };
		D50EB22B2867056100B075AA /* CreateCommand.swift in Sources */ = {isa = PBXBuildFile; fileRef = D50EB22A2867056100B075AA /* CreateCommand.swift */; };
		D50EB22C286706BB00B075AA /* RegExprConstants.swift in Sources */ = {isa = PBXBuildFile; fileRef = D50EB21C2866EABD00B075AA /* RegExprConstants.swift */; };
		D50EB22D286706BB00B075AA /* Constants.swift in Sources */ = {isa = PBXBuildFile; fileRef = D50EB2232866FF7000B075AA /* Constants.swift */; };
		D50EB22E286706DD00B075AA /* GenericError.swift in Sources */ = {isa = PBXBuildFile; fileRef = D50EB2162866E76300B075AA /* GenericError.swift */; };
		D50EB22F286706DD00B075AA /* NSTextCheckingResultExtension.swift in Sources */ = {isa = PBXBuildFile; fileRef = D50EB21F2866F1DC00B075AA /* NSTextCheckingResultExtension.swift */; };
		D50EB230286706DD00B075AA /* RegExprMatchable.swift in Sources */ = {isa = PBXBuildFile; fileRef = D50EB2192866E9E000B075AA /* RegExprMatchable.swift */; };
		D50EB231286706DD00B075AA /* RegExprCache.swift in Sources */ = {isa = PBXBuildFile; fileRef = D50EB20F2866E45500B075AA /* RegExprCache.swift */; };
		D50EB232286706DD00B075AA /* FileType.swift in Sources */ = {isa = PBXBuildFile; fileRef = D50EB226286700CB00B075AA /* FileType.swift */; };
		D50EB233286706DD00B075AA /* StringReplacable.swift in Sources */ = {isa = PBXBuildFile; fileRef = D50EB2132866E6F800B075AA /* StringReplacable.swift */; };
		D50EB234286706DD00B075AA /* StringReplacer.swift in Sources */ = {isa = PBXBuildFile; fileRef = D50EB20C2866E2D000B075AA /* StringReplacer.swift */; };
		D50EB235286706DD00B075AA /* StringReplacers.swift in Sources */ = {isa = PBXBuildFile; fileRef = D50EB228286702F000B075AA /* StringReplacers.swift */; };
		D50EB236286706DD00B075AA /* PropertiesReplacer.swift in Sources */ = {isa = PBXBuildFile; fileRef = D50EB2112866E5E000B075AA /* PropertiesReplacer.swift */; };
		D50EB237286706DD00B075AA /* DOMStringReplacer.swift in Sources */ = {isa = PBXBuildFile; fileRef = D50EB2212866FE9F00B075AA /* DOMStringReplacer.swift */; };
		D50EB23928670C1F00B075AA /* ElementQueryable.swift in Sources */ = {isa = PBXBuildFile; fileRef = D50EB23828670C1F00B075AA /* ElementQueryable.swift */; };
		D50EB23B28670C5900B075AA /* CreateFolderBuildStep.swift in Sources */ = {isa = PBXBuildFile; fileRef = D50EB23A28670C5900B075AA /* CreateFolderBuildStep.swift */; };
		D50EB23D2867444600B075AA /* CopyAssetsBuildStep.swift in Sources */ = {isa = PBXBuildFile; fileRef = D50EB23C2867444600B075AA /* CopyAssetsBuildStep.swift */; };
		D50EB24828674F1400B075AA /* ElementQueryable.swift in Sources */ = {isa = PBXBuildFile; fileRef = D50EB23828670C1F00B075AA /* ElementQueryable.swift */; };
		D50EB24A28684D9A00B075AA /* ElementsReplacer.swift in Sources */ = {isa = PBXBuildFile; fileRef = D50EB24928684D9A00B075AA /* ElementsReplacer.swift */; };
		D50EB24D286884AE00B075AA /* StorageWrapper.swift in Sources */ = {isa = PBXBuildFile; fileRef = D50EB24C286884AE00B075AA /* StorageWrapper.swift */; };
		D50EB24F2868854600B075AA /* FileSystemWrapper.swift in Sources */ = {isa = PBXBuildFile; fileRef = D50EB24E2868854600B075AA /* FileSystemWrapper.swift */; };
		D50EB25128688B4300B075AA /* Property.swift in Sources */ = {isa = PBXBuildFile; fileRef = D50EB25028688B4300B075AA /* Property.swift */; };
		D50EB2532868901E00B075AA /* ArrayExtension.swift in Sources */ = {isa = PBXBuildFile; fileRef = D50EB2522868901E00B075AA /* ArrayExtension.swift */; };
		D50EB25428689AE300B075AA /* ArrayExtension.swift in Sources */ = {isa = PBXBuildFile; fileRef = D50EB2522868901E00B075AA /* ArrayExtension.swift */; };
		D50EB25528689AE300B075AA /* Property.swift in Sources */ = {isa = PBXBuildFile; fileRef = D50EB25028688B4300B075AA /* Property.swift */; };
		D50EB25628689AE300B075AA /* ElementsReplacer.swift in Sources */ = {isa = PBXBuildFile; fileRef = D50EB24928684D9A00B075AA /* ElementsReplacer.swift */; };
		D50EB25928698AE600B075AA /* ValueTransformable.swift in Sources */ = {isa = PBXBuildFile; fileRef = D50EB25828698AE600B075AA /* ValueTransformable.swift */; };
		D50EB25B28698BC700B075AA /* Element.swift in Sources */ = {isa = PBXBuildFile; fileRef = D50EB25A28698BC700B075AA /* Element.swift */; };
		D50EB25E28698CF400B075AA /* Element.swift in Sources */ = {isa = PBXBuildFile; fileRef = D50EB25A28698BC700B075AA /* Element.swift */; };
		D50EB25F28698CF400B075AA /* StorageWrapper.swift in Sources */ = {isa = PBXBuildFile; fileRef = D50EB24C286884AE00B075AA /* StorageWrapper.swift */; };
		D50EB26028698CF400B075AA /* ValueTransformable.swift in Sources */ = {isa = PBXBuildFile; fileRef = D50EB25828698AE600B075AA /* ValueTransformable.swift */; };
		D50EB26228698FC900B075AA /* ValueNode.swift in Sources */ = {isa = PBXBuildFile; fileRef = D50EB26128698FC900B075AA /* ValueNode.swift */; };
		D50EB265286990BC00B075AA /* HTMLValueTransform.swift in Sources */ = {isa = PBXBuildFile; fileRef = D50EB264286990BC00B075AA /* HTMLValueTransform.swift */; };
		D50EB26A2869BA2E00B075AA /* EscapedString.swift in Sources */ = {isa = PBXBuildFile; fileRef = D50EB2692869BA2E00B075AA /* EscapedString.swift */; };
		D50EB26C2869BC0F00B075AA /* CommonOptions.swift in Sources */ = {isa = PBXBuildFile; fileRef = D50EB26B2869BC0F00B075AA /* CommonOptions.swift */; };
		D50EB26E2869D75200B075AA /* ProjectBuilder.swift in Sources */ = {isa = PBXBuildFile; fileRef = D50EB26D2869D75200B075AA /* ProjectBuilder.swift */; };
		D50EB2702869DA7600B075AA /* CreateHelpBookPlistBuildStep.swift in Sources */ = {isa = PBXBuildFile; fileRef = D50EB26F2869DA7600B075AA /* CreateHelpBookPlistBuildStep.swift */; };
		D50EB2722869DBE000B075AA /* CreatePkgInfoFileBuildStep.swift in Sources */ = {isa = PBXBuildFile; fileRef = D50EB2712869DBE000B075AA /* CreatePkgInfoFileBuildStep.swift */; };
		D50EB275286A028E00B075AA /* Config.swift in Sources */ = {isa = PBXBuildFile; fileRef = D50EB274286A028E00B075AA /* Config.swift */; };
		D50EB27A286B287E00B075AA /* StringExtension.swift in Sources */ = {isa = PBXBuildFile; fileRef = D50EB279286B287E00B075AA /* StringExtension.swift */; };
		D50EB27C286B2A6400B075AA /* CommentTokenGenerator.swift in Sources */ = {isa = PBXBuildFile; fileRef = D50EB27B286B2A6400B075AA /* CommentTokenGenerator.swift */; };
		D50EB27F286D8C9900B075AA /* TokenGeneratorsTests.swift in Sources */ = {isa = PBXBuildFile; fileRef = D50EB27E286D8C9900B075AA /* TokenGeneratorsTests.swift */; };
		D50EB280286D9B3200B075AA /* Config.swift in Sources */ = {isa = PBXBuildFile; fileRef = D50EB274286A028E00B075AA /* Config.swift */; };
		D50EB281286D9B3200B075AA /* StringExtension.swift in Sources */ = {isa = PBXBuildFile; fileRef = D50EB279286B287E00B075AA /* StringExtension.swift */; };
		D50EB282286D9B3200B075AA /* CommentTokenGenerator.swift in Sources */ = {isa = PBXBuildFile; fileRef = D50EB27B286B2A6400B075AA /* CommentTokenGenerator.swift */; };
		D50EB283286D9B3200B075AA /* ValueNode.swift in Sources */ = {isa = PBXBuildFile; fileRef = D50EB26128698FC900B075AA /* ValueNode.swift */; };
		D50EB284286D9B3200B075AA /* EscapedString.swift in Sources */ = {isa = PBXBuildFile; fileRef = D50EB2692869BA2E00B075AA /* EscapedString.swift */; };
		D50EB285286D9BAA00B075AA /* HTMLValueTransform.swift in Sources */ = {isa = PBXBuildFile; fileRef = D50EB264286990BC00B075AA /* HTMLValueTransform.swift */; };
		D50EB287286D9D9600B075AA /* RawStringValueTokenGenerator.swift in Sources */ = {isa = PBXBuildFile; fileRef = D50EB286286D9D9600B075AA /* RawStringValueTokenGenerator.swift */; };
		D50EB289286D9DAD00B075AA /* QuotedStringValueTokenGenerator.swift in Sources */ = {isa = PBXBuildFile; fileRef = D50EB288286D9DAD00B075AA /* QuotedStringValueTokenGenerator.swift */; };
		D50EB28B286DC01700B075AA /* Value.swift in Sources */ = {isa = PBXBuildFile; fileRef = D50EB28A286DC01700B075AA /* Value.swift */; };
		D50EB28F286DC96100B075AA /* ValuesNode.swift in Sources */ = {isa = PBXBuildFile; fileRef = D50EB28E286DC96100B075AA /* ValuesNode.swift */; };
		D50EB291286DD39F00B075AA /* ElementsNode.swift in Sources */ = {isa = PBXBuildFile; fileRef = D50EB290286DD39F00B075AA /* ElementsNode.swift */; };
		D50EB297286E4DEF00B075AA /* PropertyLocalizationTokenGenerator.swift in Sources */ = {isa = PBXBuildFile; fileRef = D50EB296286E4CDE00B075AA /* PropertyLocalizationTokenGenerator.swift */; };
		D535AA4F286F6341008BAA6A /* EraserReplacer.swift in Sources */ = {isa = PBXBuildFile; fileRef = D535AA4E286F6341008BAA6A /* EraserReplacer.swift */; };
		D5565C8C28707BBA00F8430A /* StorageHelper.swift in Sources */ = {isa = PBXBuildFile; fileRef = D5565C8B28707BBA00F8430A /* StorageHelper.swift */; };
		D5565C8F2870852200F8430A /* OptionsHelper.swift in Sources */ = {isa = PBXBuildFile; fileRef = D5565C8E2870852200F8430A /* OptionsHelper.swift */; };
		D5B0157C2871D5FB00F719AF /* HelpSourceCompiler.swift in Sources */ = {isa = PBXBuildFile; fileRef = D5B0157B2871D5FB00F719AF /* HelpSourceCompiler.swift */; };
		D5B0157F2871D67100F719AF /* HelpSourceObject.swift in Sources */ = {isa = PBXBuildFile; fileRef = D5B0157E2871D67100F719AF /* HelpSourceObject.swift */; };
		D5B015812871D7C500F719AF /* PropertyLocalisationNode.swift in Sources */ = {isa = PBXBuildFile; fileRef = D5B015802871D7C500F719AF /* PropertyLocalisationNode.swift */; };
/* End PBXBuildFile section */

/* Begin PBXCopyFilesBuildPhase section */
		D50EB163286450BB00B075AA /* CopyFiles */ = {
			isa = PBXCopyFilesBuildPhase;
			buildActionMask = 2147483647;
			dstPath = /usr/share/man/man1/;
			dstSubfolderSpec = 0;
			files = (
			);
			runOnlyForDeploymentPostprocessing = 1;
		};
/* End PBXCopyFilesBuildPhase section */

/* Begin PBXFileReference section */
		D50EB165286450BB00B075AA /* helpgen */ = {isa = PBXFileReference; explicitFileType = "compiled.mach-o.executable"; includeInIndex = 0; path = helpgen; sourceTree = BUILT_PRODUCTS_DIR; };
		D50EB168286450BB00B075AA /* HelpGen.swift */ = {isa = PBXFileReference; lastKnownFileType = sourcecode.swift; path = HelpGen.swift; sourceTree = "<group>"; };
		D50EB17A2864540700B075AA /* Lexer.swift */ = {isa = PBXFileReference; lastKnownFileType = sourcecode.swift; path = Lexer.swift; sourceTree = "<group>"; };
		D50EB17C2864541400B075AA /* Token.swift */ = {isa = PBXFileReference; lastKnownFileType = sourcecode.swift; path = Token.swift; sourceTree = "<group>"; };
		D50EB17E286454F000B075AA /* Project.swift */ = {isa = PBXFileReference; lastKnownFileType = sourcecode.swift; path = Project.swift; sourceTree = "<group>"; };
		D50EB18428645EF800B075AA /* HelpSourceLexer.swift */ = {isa = PBXFileReference; lastKnownFileType = sourcecode.swift; path = HelpSourceLexer.swift; sourceTree = "<group>"; };
		D50EB1882864601700B075AA /* BuildCommand.swift */ = {isa = PBXFileReference; lastKnownFileType = sourcecode.swift; path = BuildCommand.swift; sourceTree = "<group>"; };
		D50EB18D286465E600B075AA /* Logger.swift */ = {isa = PBXFileReference; lastKnownFileType = sourcecode.swift; path = Logger.swift; sourceTree = "<group>"; };
		D50EB19028646B3400B075AA /* WhiteSpacesListTokenGenerator.swift */ = {isa = PBXFileReference; lastKnownFileType = sourcecode.swift; path = WhiteSpacesListTokenGenerator.swift; sourceTree = "<group>"; };
		D50EB19228646BD900B075AA /* TokenGenerator.swift */ = {isa = PBXFileReference; lastKnownFileType = sourcecode.swift; path = TokenGenerator.swift; sourceTree = "<group>"; };
		D50EB1942864754C00B075AA /* PropertiesSectionTokenGenerator.swift */ = {isa = PBXFileReference; lastKnownFileType = sourcecode.swift; path = PropertiesSectionTokenGenerator.swift; sourceTree = "<group>"; };
		D50EB19728648C8800B075AA /* HelpSourceParser.swift */ = {isa = PBXFileReference; lastKnownFileType = sourcecode.swift; path = HelpSourceParser.swift; sourceTree = "<group>"; };
		D50EB1A12864901F00B075AA /* helpgen-tests.xctest */ = {isa = PBXFileReference; explicitFileType = wrapper.cfbundle; includeInIndex = 0; path = "helpgen-tests.xctest"; sourceTree = BUILT_PRODUCTS_DIR; };
		D50EB1A32864901F00B075AA /* HelpSourceLexerTests.swift */ = {isa = PBXFileReference; lastKnownFileType = sourcecode.swift; path = HelpSourceLexerTests.swift; sourceTree = "<group>"; };
		D50EB1B02864961400B075AA /* PropertyTokenGenerator.swift */ = {isa = PBXFileReference; lastKnownFileType = sourcecode.swift; path = PropertyTokenGenerator.swift; sourceTree = "<group>"; };
		D50EB1B228649CEE00B075AA /* ValueTokenGenerator.swift */ = {isa = PBXFileReference; lastKnownFileType = sourcecode.swift; path = ValueTokenGenerator.swift; sourceTree = "<group>"; };
		D50EB1B62864A0DF00B075AA /* OperatorTokenGenerator.swift */ = {isa = PBXFileReference; lastKnownFileType = sourcecode.swift; path = OperatorTokenGenerator.swift; sourceTree = "<group>"; };
		D50EB1B92864AD7C00B075AA /* ElementTokenGenerator.swift */ = {isa = PBXFileReference; fileEncoding = 4; lastKnownFileType = sourcecode.swift; path = ElementTokenGenerator.swift; sourceTree = "<group>"; };
		D50EB1BC2864CE2500B075AA /* Parser.swift */ = {isa = PBXFileReference; lastKnownFileType = sourcecode.swift; path = Parser.swift; sourceTree = "<group>"; };
		D50EB1BF2864D26100B075AA /* ExprNode.swift */ = {isa = PBXFileReference; lastKnownFileType = sourcecode.swift; path = ExprNode.swift; sourceTree = "<group>"; };
		D50EB1C12864D32800B075AA /* PropertyNode.swift */ = {isa = PBXFileReference; lastKnownFileType = sourcecode.swift; path = PropertyNode.swift; sourceTree = "<group>"; };
		D50EB1C32864D3A000B075AA /* ElementNode.swift */ = {isa = PBXFileReference; lastKnownFileType = sourcecode.swift; path = ElementNode.swift; sourceTree = "<group>"; };
		D50EB1C52865B5C800B075AA /* PropertiesNode.swift */ = {isa = PBXFileReference; lastKnownFileType = sourcecode.swift; path = PropertiesNode.swift; sourceTree = "<group>"; };
		D50EB1C82865CE4700B075AA /* HelpSourceParserTests.swift */ = {isa = PBXFileReference; lastKnownFileType = sourcecode.swift; path = HelpSourceParserTests.swift; sourceTree = "<group>"; };
		D50EB1D02865DA0D00B075AA /* HelpSourceNode.swift */ = {isa = PBXFileReference; lastKnownFileType = sourcecode.swift; path = HelpSourceNode.swift; sourceTree = "<group>"; };
		D50EB1D32865E37D00B075AA /* TestFiles.swift */ = {isa = PBXFileReference; lastKnownFileType = sourcecode.swift; path = TestFiles.swift; sourceTree = "<group>"; };
		D50EB1D82865F26200B075AA /* HelpSourceFile.swift */ = {isa = PBXFileReference; lastKnownFileType = sourcecode.swift; path = HelpSourceFile.swift; sourceTree = "<group>"; };
		D50EB1DB2865F7AE00B075AA /* GetProjectPropertiesStep.swift */ = {isa = PBXFileReference; lastKnownFileType = sourcecode.swift; path = GetProjectPropertiesStep.swift; sourceTree = "<group>"; };
		D50EB1DD2865F99B00B075AA /* ParseHelpSourceFileStep.swift */ = {isa = PBXFileReference; lastKnownFileType = sourcecode.swift; path = ParseHelpSourceFileStep.swift; sourceTree = "<group>"; };
		D50EB1DF2865FB4300B075AA /* GenerateHelpFileStep.swift */ = {isa = PBXFileReference; lastKnownFileType = sourcecode.swift; path = GenerateHelpFileStep.swift; sourceTree = "<group>"; };
		D50EB1E12865FB8C00B075AA /* BuildStep.swift */ = {isa = PBXFileReference; lastKnownFileType = sourcecode.swift; path = BuildStep.swift; sourceTree = "<group>"; };
		D50EB1E42865FF6200B075AA /* Generator.swift */ = {isa = PBXFileReference; lastKnownFileType = sourcecode.swift; path = Generator.swift; sourceTree = "<group>"; };
		D50EB1E62865FF8F00B075AA /* Generatable.swift */ = {isa = PBXFileReference; lastKnownFileType = sourcecode.swift; path = Generatable.swift; sourceTree = "<group>"; };
		D50EB1EB2866035100B075AA /* HTMLHelpGenerator.swift */ = {isa = PBXFileReference; lastKnownFileType = sourcecode.swift; path = HTMLHelpGenerator.swift; sourceTree = "<group>"; };
		D50EB1ED286605C900B075AA /* SourceFile.swift */ = {isa = PBXFileReference; lastKnownFileType = sourcecode.swift; path = SourceFile.swift; sourceTree = "<group>"; };
		D50EB1F128660F2100B075AA /* PropertyQueryable.swift */ = {isa = PBXFileReference; lastKnownFileType = sourcecode.swift; path = PropertyQueryable.swift; sourceTree = "<group>"; };
		D50EB1F6286618CD00B075AA /* HTMLHelpGeneratorTests.swift */ = {isa = PBXFileReference; lastKnownFileType = sourcecode.swift; path = HTMLHelpGeneratorTests.swift; sourceTree = "<group>"; };
		D50EB20C2866E2D000B075AA /* StringReplacer.swift */ = {isa = PBXFileReference; lastKnownFileType = sourcecode.swift; path = StringReplacer.swift; sourceTree = "<group>"; };
		D50EB20F2866E45500B075AA /* RegExprCache.swift */ = {isa = PBXFileReference; lastKnownFileType = sourcecode.swift; path = RegExprCache.swift; sourceTree = "<group>"; };
		D50EB2112866E5E000B075AA /* PropertiesReplacer.swift */ = {isa = PBXFileReference; lastKnownFileType = sourcecode.swift; path = PropertiesReplacer.swift; sourceTree = "<group>"; };
		D50EB2132866E6F800B075AA /* StringReplacable.swift */ = {isa = PBXFileReference; lastKnownFileType = sourcecode.swift; path = StringReplacable.swift; sourceTree = "<group>"; };
		D50EB2162866E76300B075AA /* GenericError.swift */ = {isa = PBXFileReference; lastKnownFileType = sourcecode.swift; path = GenericError.swift; sourceTree = "<group>"; };
		D50EB2192866E9E000B075AA /* RegExprMatchable.swift */ = {isa = PBXFileReference; lastKnownFileType = sourcecode.swift; path = RegExprMatchable.swift; sourceTree = "<group>"; };
		D50EB21C2866EABD00B075AA /* RegExprConstants.swift */ = {isa = PBXFileReference; lastKnownFileType = sourcecode.swift; path = RegExprConstants.swift; sourceTree = "<group>"; };
		D50EB21F2866F1DC00B075AA /* NSTextCheckingResultExtension.swift */ = {isa = PBXFileReference; lastKnownFileType = sourcecode.swift; path = NSTextCheckingResultExtension.swift; sourceTree = "<group>"; };
		D50EB2212866FE9F00B075AA /* DOMStringReplacer.swift */ = {isa = PBXFileReference; lastKnownFileType = sourcecode.swift; path = DOMStringReplacer.swift; sourceTree = "<group>"; };
		D50EB2232866FF7000B075AA /* Constants.swift */ = {isa = PBXFileReference; lastKnownFileType = sourcecode.swift; path = Constants.swift; sourceTree = "<group>"; };
		D50EB226286700CB00B075AA /* FileType.swift */ = {isa = PBXFileReference; lastKnownFileType = sourcecode.swift; path = FileType.swift; sourceTree = "<group>"; };
		D50EB228286702F000B075AA /* StringReplacers.swift */ = {isa = PBXFileReference; lastKnownFileType = sourcecode.swift; path = StringReplacers.swift; sourceTree = "<group>"; };
		D50EB22A2867056100B075AA /* CreateCommand.swift */ = {isa = PBXFileReference; lastKnownFileType = sourcecode.swift; path = CreateCommand.swift; sourceTree = "<group>"; };
		D50EB23828670C1F00B075AA /* ElementQueryable.swift */ = {isa = PBXFileReference; lastKnownFileType = sourcecode.swift; path = ElementQueryable.swift; sourceTree = "<group>"; };
		D50EB23A28670C5900B075AA /* CreateFolderBuildStep.swift */ = {isa = PBXFileReference; lastKnownFileType = sourcecode.swift; path = CreateFolderBuildStep.swift; sourceTree = "<group>"; };
		D50EB23C2867444600B075AA /* CopyAssetsBuildStep.swift */ = {isa = PBXFileReference; lastKnownFileType = sourcecode.swift; path = CopyAssetsBuildStep.swift; sourceTree = "<group>"; };
		D50EB24928684D9A00B075AA /* ElementsReplacer.swift */ = {isa = PBXFileReference; lastKnownFileType = sourcecode.swift; path = ElementsReplacer.swift; sourceTree = "<group>"; };
		D50EB24C286884AE00B075AA /* StorageWrapper.swift */ = {isa = PBXFileReference; lastKnownFileType = sourcecode.swift; path = StorageWrapper.swift; sourceTree = "<group>"; };
		D50EB24E2868854600B075AA /* FileSystemWrapper.swift */ = {isa = PBXFileReference; lastKnownFileType = sourcecode.swift; path = FileSystemWrapper.swift; sourceTree = "<group>"; };
		D50EB25028688B4300B075AA /* Property.swift */ = {isa = PBXFileReference; lastKnownFileType = sourcecode.swift; path = Property.swift; sourceTree = "<group>"; };
		D50EB2522868901E00B075AA /* ArrayExtension.swift */ = {isa = PBXFileReference; lastKnownFileType = sourcecode.swift; path = ArrayExtension.swift; sourceTree = "<group>"; };
		D50EB25828698AE600B075AA /* ValueTransformable.swift */ = {isa = PBXFileReference; lastKnownFileType = sourcecode.swift; path = ValueTransformable.swift; sourceTree = "<group>"; };
		D50EB25A28698BC700B075AA /* Element.swift */ = {isa = PBXFileReference; lastKnownFileType = sourcecode.swift; path = Element.swift; sourceTree = "<group>"; };
		D50EB26128698FC900B075AA /* ValueNode.swift */ = {isa = PBXFileReference; lastKnownFileType = sourcecode.swift; path = ValueNode.swift; sourceTree = "<group>"; };
		D50EB264286990BC00B075AA /* HTMLValueTransform.swift */ = {isa = PBXFileReference; lastKnownFileType = sourcecode.swift; path = HTMLValueTransform.swift; sourceTree = "<group>"; };
		D50EB2692869BA2E00B075AA /* EscapedString.swift */ = {isa = PBXFileReference; lastKnownFileType = sourcecode.swift; path = EscapedString.swift; sourceTree = "<group>"; };
		D50EB26B2869BC0F00B075AA /* CommonOptions.swift */ = {isa = PBXFileReference; lastKnownFileType = sourcecode.swift; path = CommonOptions.swift; sourceTree = "<group>"; };
		D50EB26D2869D75200B075AA /* ProjectBuilder.swift */ = {isa = PBXFileReference; lastKnownFileType = sourcecode.swift; path = ProjectBuilder.swift; sourceTree = "<group>"; };
		D50EB26F2869DA7600B075AA /* CreateHelpBookPlistBuildStep.swift */ = {isa = PBXFileReference; lastKnownFileType = sourcecode.swift; path = CreateHelpBookPlistBuildStep.swift; sourceTree = "<group>"; };
		D50EB2712869DBE000B075AA /* CreatePkgInfoFileBuildStep.swift */ = {isa = PBXFileReference; lastKnownFileType = sourcecode.swift; path = CreatePkgInfoFileBuildStep.swift; sourceTree = "<group>"; };
		D50EB274286A028E00B075AA /* Config.swift */ = {isa = PBXFileReference; lastKnownFileType = sourcecode.swift; path = Config.swift; sourceTree = "<group>"; };
		D50EB279286B287E00B075AA /* StringExtension.swift */ = {isa = PBXFileReference; lastKnownFileType = sourcecode.swift; path = StringExtension.swift; sourceTree = "<group>"; };
		D50EB27B286B2A6400B075AA /* CommentTokenGenerator.swift */ = {isa = PBXFileReference; lastKnownFileType = sourcecode.swift; path = CommentTokenGenerator.swift; sourceTree = "<group>"; };
		D50EB27E286D8C9900B075AA /* TokenGeneratorsTests.swift */ = {isa = PBXFileReference; lastKnownFileType = sourcecode.swift; path = TokenGeneratorsTests.swift; sourceTree = "<group>"; };
		D50EB286286D9D9600B075AA /* RawStringValueTokenGenerator.swift */ = {isa = PBXFileReference; lastKnownFileType = sourcecode.swift; path = RawStringValueTokenGenerator.swift; sourceTree = "<group>"; };
		D50EB288286D9DAD00B075AA /* QuotedStringValueTokenGenerator.swift */ = {isa = PBXFileReference; lastKnownFileType = sourcecode.swift; path = QuotedStringValueTokenGenerator.swift; sourceTree = "<group>"; };
		D50EB28A286DC01700B075AA /* Value.swift */ = {isa = PBXFileReference; lastKnownFileType = sourcecode.swift; path = Value.swift; sourceTree = "<group>"; };
		D50EB28E286DC96100B075AA /* ValuesNode.swift */ = {isa = PBXFileReference; lastKnownFileType = sourcecode.swift; path = ValuesNode.swift; sourceTree = "<group>"; };
		D50EB290286DD39F00B075AA /* ElementsNode.swift */ = {isa = PBXFileReference; lastKnownFileType = sourcecode.swift; path = ElementsNode.swift; sourceTree = "<group>"; };
		D50EB296286E4CDE00B075AA /* PropertyLocalizationTokenGenerator.swift */ = {isa = PBXFileReference; lastKnownFileType = sourcecode.swift; path = PropertyLocalizationTokenGenerator.swift; sourceTree = "<group>"; };
		D535AA4E286F6341008BAA6A /* EraserReplacer.swift */ = {isa = PBXFileReference; lastKnownFileType = sourcecode.swift; path = EraserReplacer.swift; sourceTree = "<group>"; };
		D535AA52286F6BF9008BAA6A /* TODO.md */ = {isa = PBXFileReference; lastKnownFileType = net.daringfireball.markdown; path = TODO.md; sourceTree = "<group>"; };
		D5565C8B28707BBA00F8430A /* StorageHelper.swift */ = {isa = PBXFileReference; lastKnownFileType = sourcecode.swift; path = StorageHelper.swift; sourceTree = "<group>"; };
		D5565C8E2870852200F8430A /* OptionsHelper.swift */ = {isa = PBXFileReference; lastKnownFileType = sourcecode.swift; path = OptionsHelper.swift; sourceTree = "<group>"; };
		D5B0157B2871D5FB00F719AF /* HelpSourceCompiler.swift */ = {isa = PBXFileReference; lastKnownFileType = sourcecode.swift; path = HelpSourceCompiler.swift; sourceTree = "<group>"; };
		D5B0157E2871D67100F719AF /* HelpSourceObject.swift */ = {isa = PBXFileReference; lastKnownFileType = sourcecode.swift; path = HelpSourceObject.swift; sourceTree = "<group>"; };
		D5B015802871D7C500F719AF /* PropertyLocalisationNode.swift */ = {isa = PBXFileReference; lastKnownFileType = sourcecode.swift; path = PropertyLocalisationNode.swift; sourceTree = "<group>"; };
/* End PBXFileReference section */

/* Begin PBXFrameworksBuildPhase section */
		D50EB162286450BB00B075AA /* Frameworks */ = {
			isa = PBXFrameworksBuildPhase;
			buildActionMask = 2147483647;
			files = (
				D50EB1792864530C00B075AA /* ArgumentParser in Frameworks */,
				D50EB1F5286616E900B075AA /* SwiftSoup in Frameworks */,
			);
			runOnlyForDeploymentPostprocessing = 0;
		};
		D50EB19E2864901F00B075AA /* Frameworks */ = {
			isa = PBXFrameworksBuildPhase;
			buildActionMask = 2147483647;
			files = (
				D50EB20128661CF900B075AA /* SwiftSoup in Frameworks */,
			);
			runOnlyForDeploymentPostprocessing = 0;
		};
/* End PBXFrameworksBuildPhase section */

/* Begin PBXGroup section */
		D50EB15C286450BB00B075AA = {
			isa = PBXGroup;
			children = (
				D535AA52286F6BF9008BAA6A /* TODO.md */,
				D50EB167286450BB00B075AA /* helpgen */,
				D50EB1A22864901F00B075AA /* helpgen-tests */,
				D50EB166286450BB00B075AA /* Products */,
				D50EB1FF28661CF900B075AA /* Frameworks */,
			);
			indentWidth = 2;
			sourceTree = "<group>";
			tabWidth = 2;
		};
		D50EB166286450BB00B075AA /* Products */ = {
			isa = PBXGroup;
			children = (
				D50EB165286450BB00B075AA /* helpgen */,
				D50EB1A12864901F00B075AA /* helpgen-tests.xctest */,
			);
			name = Products;
			sourceTree = "<group>";
		};
		D50EB167286450BB00B075AA /* helpgen */ = {
			isa = PBXGroup;
			children = (
				D50EB273286A028200B075AA /* Config */,
				D50EB21B2866EAAF00B075AA /* Constants */,
				D50EB2152866E75500B075AA /* Errors */,
				D50EB20E2866E43C00B075AA /* Utils */,
				D50EB1D62865F1F400B075AA /* Logger */,
				D50EB1EF28660CC500B075AA /* Models */,
				D50EB1D72865F24000B075AA /* Project */,
				D50EB1D52865F1CA00B075AA /* Tokens */,
				D50EB18628645F1D00B075AA /* Lexers */,
				D50EB19628648C7300B075AA /* Parsers */,
				D50EB295286E479100B075AA /* Solvers */,
				D50EB2682869BA1500B075AA /* PropertyWrappers */,
				D50EB1872864600700B075AA /* Commands */,
				D50EB168286450BB00B075AA /* HelpGen.swift */,
			);
			path = helpgen;
			sourceTree = "<group>";
		};
		D50EB18628645F1D00B075AA /* Lexers */ = {
			isa = PBXGroup;
			children = (
				D50EB17A2864540700B075AA /* Lexer.swift */,
				D50EB18428645EF800B075AA /* HelpSourceLexer.swift */,
			);
			path = Lexers;
			sourceTree = "<group>";
		};
		D50EB1872864600700B075AA /* Commands */ = {
			isa = PBXGroup;
			children = (
				D5565C8A28707BAD00F8430A /* Helper */,
				D50EB26B2869BC0F00B075AA /* CommonOptions.swift */,
				D50EB22A2867056100B075AA /* CreateCommand.swift */,
				D50EB1882864601700B075AA /* BuildCommand.swift */,
			);
			path = Commands;
			sourceTree = "<group>";
		};
		D50EB18F28646A8200B075AA /* TokenGenerators */ = {
			isa = PBXGroup;
			children = (
				D50EB19228646BD900B075AA /* TokenGenerator.swift */,
				D50EB19028646B3400B075AA /* WhiteSpacesListTokenGenerator.swift */,
				D50EB27B286B2A6400B075AA /* CommentTokenGenerator.swift */,
				D50EB1942864754C00B075AA /* PropertiesSectionTokenGenerator.swift */,
				D50EB1B02864961400B075AA /* PropertyTokenGenerator.swift */,
				D50EB296286E4CDE00B075AA /* PropertyLocalizationTokenGenerator.swift */,
				D50EB1B92864AD7C00B075AA /* ElementTokenGenerator.swift */,
				D50EB1B228649CEE00B075AA /* ValueTokenGenerator.swift */,
				D50EB286286D9D9600B075AA /* RawStringValueTokenGenerator.swift */,
				D50EB288286D9DAD00B075AA /* QuotedStringValueTokenGenerator.swift */,
				D50EB1B62864A0DF00B075AA /* OperatorTokenGenerator.swift */,
			);
			path = TokenGenerators;
			sourceTree = "<group>";
		};
		D50EB19628648C7300B075AA /* Parsers */ = {
			isa = PBXGroup;
			children = (
				D50EB1BE2864D24800B075AA /* Nodes */,
				D50EB1BC2864CE2500B075AA /* Parser.swift */,
				D50EB19728648C8800B075AA /* HelpSourceParser.swift */,
			);
			path = Parsers;
			sourceTree = "<group>";
		};
		D50EB1A22864901F00B075AA /* helpgen-tests */ = {
			isa = PBXGroup;
			children = (
				D50EB1D32865E37D00B075AA /* TestFiles.swift */,
				D50EB1A32864901F00B075AA /* HelpSourceLexerTests.swift */,
				D50EB1C82865CE4700B075AA /* HelpSourceParserTests.swift */,
				D50EB1F6286618CD00B075AA /* HTMLHelpGeneratorTests.swift */,
				D50EB27E286D8C9900B075AA /* TokenGeneratorsTests.swift */,
			);
			path = "helpgen-tests";
			sourceTree = "<group>";
		};
		D50EB1BE2864D24800B075AA /* Nodes */ = {
			isa = PBXGroup;
			children = (
				D50EB1BF2864D26100B075AA /* ExprNode.swift */,
				D50EB1C12864D32800B075AA /* PropertyNode.swift */,
				D5B015802871D7C500F719AF /* PropertyLocalisationNode.swift */,
				D50EB1C52865B5C800B075AA /* PropertiesNode.swift */,
				D50EB28E286DC96100B075AA /* ValuesNode.swift */,
				D50EB290286DD39F00B075AA /* ElementsNode.swift */,
				D50EB1C32864D3A000B075AA /* ElementNode.swift */,
				D50EB26128698FC900B075AA /* ValueNode.swift */,
				D50EB1D02865DA0D00B075AA /* HelpSourceNode.swift */,
			);
			path = Nodes;
			sourceTree = "<group>";
		};
		D50EB1D52865F1CA00B075AA /* Tokens */ = {
			isa = PBXGroup;
			children = (
				D50EB18F28646A8200B075AA /* TokenGenerators */,
				D50EB17C2864541400B075AA /* Token.swift */,
			);
			path = Tokens;
			sourceTree = "<group>";
		};
		D50EB1D62865F1F400B075AA /* Logger */ = {
			isa = PBXGroup;
			children = (
				D50EB18D286465E600B075AA /* Logger.swift */,
			);
			path = Logger;
			sourceTree = "<group>";
		};
		D50EB1D72865F24000B075AA /* Project */ = {
			isa = PBXGroup;
			children = (
				D50EB1F028660E9200B075AA /* Protocols */,
				D50EB24B2868847800B075AA /* StorageWrappers */,
				D50EB225286700BF00B075AA /* Enums */,
				D50EB20B2866E26A00B075AA /* Replacers */,
				D50EB25728689C5C00B075AA /* Tranformers */,
				D50EB1E32865FF3300B075AA /* Generator */,
				D50EB1DA2865F77E00B075AA /* BuildSteps */,
				D50EB26D2869D75200B075AA /* ProjectBuilder.swift */,
			);
			path = Project;
			sourceTree = "<group>";
		};
		D50EB1DA2865F77E00B075AA /* BuildSteps */ = {
			isa = PBXGroup;
			children = (
				D50EB1E12865FB8C00B075AA /* BuildStep.swift */,
				D50EB23A28670C5900B075AA /* CreateFolderBuildStep.swift */,
				D50EB1DD2865F99B00B075AA /* ParseHelpSourceFileStep.swift */,
				D50EB1DB2865F7AE00B075AA /* GetProjectPropertiesStep.swift */,
				D50EB1DF2865FB4300B075AA /* GenerateHelpFileStep.swift */,
				D50EB23C2867444600B075AA /* CopyAssetsBuildStep.swift */,
				D50EB26F2869DA7600B075AA /* CreateHelpBookPlistBuildStep.swift */,
				D50EB2712869DBE000B075AA /* CreatePkgInfoFileBuildStep.swift */,
			);
			path = BuildSteps;
			sourceTree = "<group>";
		};
		D50EB1E32865FF3300B075AA /* Generator */ = {
			isa = PBXGroup;
			children = (
				D50EB1E62865FF8F00B075AA /* Generatable.swift */,
				D50EB1E42865FF6200B075AA /* Generator.swift */,
				D50EB1EB2866035100B075AA /* HTMLHelpGenerator.swift */,
			);
			path = Generator;
			sourceTree = "<group>";
		};
		D50EB1EF28660CC500B075AA /* Models */ = {
			isa = PBXGroup;
			children = (
				D50EB2632869908200B075AA /* SourceFiles */,
				D50EB28A286DC01700B075AA /* Value.swift */,
				D50EB25028688B4300B075AA /* Property.swift */,
				D50EB25A28698BC700B075AA /* Element.swift */,
				D50EB17E286454F000B075AA /* Project.swift */,
			);
			path = Models;
			sourceTree = "<group>";
		};
		D50EB1F028660E9200B075AA /* Protocols */ = {
			isa = PBXGroup;
			children = (
				D50EB1ED286605C900B075AA /* SourceFile.swift */,
				D50EB1F128660F2100B075AA /* PropertyQueryable.swift */,
				D50EB23828670C1F00B075AA /* ElementQueryable.swift */,
			);
			path = Protocols;
			sourceTree = "<group>";
		};
		D50EB1FF28661CF900B075AA /* Frameworks */ = {
			isa = PBXGroup;
			children = (
			);
			name = Frameworks;
			sourceTree = "<group>";
		};
		D50EB20B2866E26A00B075AA /* Replacers */ = {
			isa = PBXGroup;
			children = (
				D50EB2132866E6F800B075AA /* StringReplacable.swift */,
				D50EB20C2866E2D000B075AA /* StringReplacer.swift */,
				D50EB228286702F000B075AA /* StringReplacers.swift */,
				D50EB2112866E5E000B075AA /* PropertiesReplacer.swift */,
				D50EB24928684D9A00B075AA /* ElementsReplacer.swift */,
				D535AA4E286F6341008BAA6A /* EraserReplacer.swift */,
				D50EB2212866FE9F00B075AA /* DOMStringReplacer.swift */,
			);
			path = Replacers;
			sourceTree = "<group>";
		};
		D50EB20E2866E43C00B075AA /* Utils */ = {
			isa = PBXGroup;
			children = (
				D50EB21E2866F1CB00B075AA /* Extensions */,
				D50EB2182866E9AC00B075AA /* RegularExpression */,
			);
			path = Utils;
			sourceTree = "<group>";
		};
		D50EB2152866E75500B075AA /* Errors */ = {
			isa = PBXGroup;
			children = (
				D50EB2162866E76300B075AA /* GenericError.swift */,
			);
			path = Errors;
			sourceTree = "<group>";
		};
		D50EB2182866E9AC00B075AA /* RegularExpression */ = {
			isa = PBXGroup;
			children = (
				D50EB2192866E9E000B075AA /* RegExprMatchable.swift */,
				D50EB20F2866E45500B075AA /* RegExprCache.swift */,
			);
			path = RegularExpression;
			sourceTree = "<group>";
		};
		D50EB21B2866EAAF00B075AA /* Constants */ = {
			isa = PBXGroup;
			children = (
				D50EB21C2866EABD00B075AA /* RegExprConstants.swift */,
				D50EB2232866FF7000B075AA /* Constants.swift */,
			);
			path = Constants;
			sourceTree = "<group>";
		};
		D50EB21E2866F1CB00B075AA /* Extensions */ = {
			isa = PBXGroup;
			children = (
				D50EB21F2866F1DC00B075AA /* NSTextCheckingResultExtension.swift */,
				D50EB2522868901E00B075AA /* ArrayExtension.swift */,
				D50EB279286B287E00B075AA /* StringExtension.swift */,
			);
			path = Extensions;
			sourceTree = "<group>";
		};
		D50EB225286700BF00B075AA /* Enums */ = {
			isa = PBXGroup;
			children = (
				D50EB226286700CB00B075AA /* FileType.swift */,
			);
			path = Enums;
			sourceTree = "<group>";
		};
		D50EB24B2868847800B075AA /* StorageWrappers */ = {
			isa = PBXGroup;
			children = (
				D50EB24C286884AE00B075AA /* StorageWrapper.swift */,
				D50EB24E2868854600B075AA /* FileSystemWrapper.swift */,
			);
			path = StorageWrappers;
			sourceTree = "<group>";
		};
		D50EB25728689C5C00B075AA /* Tranformers */ = {
			isa = PBXGroup;
			children = (
				D50EB25828698AE600B075AA /* ValueTransformable.swift */,
				D50EB264286990BC00B075AA /* HTMLValueTransform.swift */,
			);
			path = Tranformers;
			sourceTree = "<group>";
		};
		D50EB2632869908200B075AA /* SourceFiles */ = {
			isa = PBXGroup;
			children = (
				D50EB1D82865F26200B075AA /* HelpSourceFile.swift */,
			);
			path = SourceFiles;
			sourceTree = "<group>";
		};
		D50EB2682869BA1500B075AA /* PropertyWrappers */ = {
			isa = PBXGroup;
			children = (
				D50EB2692869BA2E00B075AA /* EscapedString.swift */,
			);
			path = PropertyWrappers;
			sourceTree = "<group>";
		};
		D50EB273286A028200B075AA /* Config */ = {
			isa = PBXGroup;
			children = (
				D50EB274286A028E00B075AA /* Config.swift */,
			);
			path = Config;
			sourceTree = "<group>";
		};
		D50EB295286E479100B075AA /* Solvers */ = {
			isa = PBXGroup;
			children = (
				D5B0157D2871D64700F719AF /* Objects */,
				D5B0157B2871D5FB00F719AF /* HelpSourceCompiler.swift */,
			);
			path = Solvers;
			sourceTree = "<group>";
		};
		D5565C8A28707BAD00F8430A /* Helper */ = {
			isa = PBXGroup;
			children = (
				D5565C8B28707BBA00F8430A /* StorageHelper.swift */,
				D5565C8E2870852200F8430A /* OptionsHelper.swift */,
			);
			path = Helper;
			sourceTree = "<group>";
		};
		D5B0157D2871D64700F719AF /* Objects */ = {
			isa = PBXGroup;
			children = (
				D5B0157E2871D67100F719AF /* HelpSourceObject.swift */,
			);
			path = Objects;
			sourceTree = "<group>";
		};
/* End PBXGroup section */

/* Begin PBXNativeTarget section */
		D50EB164286450BB00B075AA /* helpgen */ = {
			isa = PBXNativeTarget;
			buildConfigurationList = D50EB16C286450BB00B075AA /* Build configuration list for PBXNativeTarget "helpgen" */;
			buildPhases = (
				D50EB161286450BB00B075AA /* Sources */,
				D50EB162286450BB00B075AA /* Frameworks */,
				D50EB163286450BB00B075AA /* CopyFiles */,
			);
			buildRules = (
			);
			dependencies = (
			);
			name = helpgen;
			packageProductDependencies = (
				D50EB1782864530C00B075AA /* ArgumentParser */,
				D50EB1F4286616E900B075AA /* SwiftSoup */,
			);
			productName = helpgen;
			productReference = D50EB165286450BB00B075AA /* helpgen */;
			productType = "com.apple.product-type.tool";
		};
		D50EB1A02864901F00B075AA /* helpgen-tests */ = {
			isa = PBXNativeTarget;
			buildConfigurationList = D50EB1A52864901F00B075AA /* Build configuration list for PBXNativeTarget "helpgen-tests" */;
			buildPhases = (
				D50EB19D2864901F00B075AA /* Sources */,
				D50EB19E2864901F00B075AA /* Frameworks */,
				D50EB19F2864901F00B075AA /* Resources */,
			);
			buildRules = (
			);
			dependencies = (
			);
			name = "helpgen-tests";
			packageProductDependencies = (
				D50EB20028661CF900B075AA /* SwiftSoup */,
			);
			productName = "helpgen-tests";
			productReference = D50EB1A12864901F00B075AA /* helpgen-tests.xctest */;
			productType = "com.apple.product-type.bundle.unit-test";
		};
/* End PBXNativeTarget section */

/* Begin PBXProject section */
		D50EB15D286450BB00B075AA /* Project object */ = {
			isa = PBXProject;
			attributes = {
				BuildIndependentTargetsInParallel = 1;
				LastSwiftUpdateCheck = 1330;
				LastUpgradeCheck = 1330;
				TargetAttributes = {
					D50EB164286450BB00B075AA = {
						CreatedOnToolsVersion = 13.3.1;
					};
					D50EB1A02864901F00B075AA = {
						CreatedOnToolsVersion = 13.3.1;
					};
				};
			};
			buildConfigurationList = D50EB160286450BB00B075AA /* Build configuration list for PBXProject "helpgen" */;
			compatibilityVersion = "Xcode 13.0";
			developmentRegion = en;
			hasScannedForEncodings = 0;
			knownRegions = (
				en,
				Base,
			);
			mainGroup = D50EB15C286450BB00B075AA;
			packageReferences = (
				D50EB1772864530C00B075AA /* XCRemoteSwiftPackageReference "swift-argument-parser" */,
				D50EB1F3286616E900B075AA /* XCRemoteSwiftPackageReference "SwiftSoup" */,
			);
			productRefGroup = D50EB166286450BB00B075AA /* Products */;
			projectDirPath = "";
			projectRoot = "";
			targets = (
				D50EB164286450BB00B075AA /* helpgen */,
				D50EB1A02864901F00B075AA /* helpgen-tests */,
			);
		};
/* End PBXProject section */

/* Begin PBXResourcesBuildPhase section */
		D50EB19F2864901F00B075AA /* Resources */ = {
			isa = PBXResourcesBuildPhase;
			buildActionMask = 2147483647;
			files = (
			);
			runOnlyForDeploymentPostprocessing = 0;
		};
/* End PBXResourcesBuildPhase section */

/* Begin PBXSourcesBuildPhase section */
		D50EB161286450BB00B075AA /* Sources */ = {
			isa = PBXSourcesBuildPhase;
			buildActionMask = 2147483647;
			files = (
				D50EB28F286DC96100B075AA /* ValuesNode.swift in Sources */,
				D50EB17D2864541400B075AA /* Token.swift in Sources */,
				D5B0157F2871D67100F719AF /* HelpSourceObject.swift in Sources */,
				D50EB1E02865FB4300B075AA /* GenerateHelpFileStep.swift in Sources */,
				D50EB21A2866E9E000B075AA /* RegExprMatchable.swift in Sources */,
				D50EB27C286B2A6400B075AA /* CommentTokenGenerator.swift in Sources */,
				D50EB265286990BC00B075AA /* HTMLValueTransform.swift in Sources */,
				D50EB2202866F1DC00B075AA /* NSTextCheckingResultExtension.swift in Sources */,
				D50EB26A2869BA2E00B075AA /* EscapedString.swift in Sources */,
				D50EB1D12865DA0D00B075AA /* HelpSourceNode.swift in Sources */,
				D50EB297286E4DEF00B075AA /* PropertyLocalizationTokenGenerator.swift in Sources */,
				D50EB1B328649CEE00B075AA /* ValueTokenGenerator.swift in Sources */,
				D5565C8C28707BBA00F8430A /* StorageHelper.swift in Sources */,
				D50EB1C42864D3A000B075AA /* ElementNode.swift in Sources */,
				D50EB26C2869BC0F00B075AA /* CommonOptions.swift in Sources */,
				D50EB2222866FE9F00B075AA /* DOMStringReplacer.swift in Sources */,
				D50EB2532868901E00B075AA /* ArrayExtension.swift in Sources */,
				D50EB22B2867056100B075AA /* CreateCommand.swift in Sources */,
				D50EB291286DD39F00B075AA /* ElementsNode.swift in Sources */,
				D50EB1C02864D26100B075AA /* ExprNode.swift in Sources */,
				D50EB2142866E6F800B075AA /* StringReplacable.swift in Sources */,
				D50EB2242866FF7000B075AA /* Constants.swift in Sources */,
				D50EB25928698AE600B075AA /* ValueTransformable.swift in Sources */,
				D50EB1EC2866035100B075AA /* HTMLHelpGenerator.swift in Sources */,
				D535AA4F286F6341008BAA6A /* EraserReplacer.swift in Sources */,
				D50EB1E72865FF8F00B075AA /* Generatable.swift in Sources */,
				D50EB23928670C1F00B075AA /* ElementQueryable.swift in Sources */,
				D50EB1E52865FF6200B075AA /* Generator.swift in Sources */,
				D50EB24D286884AE00B075AA /* StorageWrapper.swift in Sources */,
				D50EB18528645EF800B075AA /* HelpSourceLexer.swift in Sources */,
				D50EB17B2864540700B075AA /* Lexer.swift in Sources */,
				D50EB24A28684D9A00B075AA /* ElementsReplacer.swift in Sources */,
				D50EB18E286465E600B075AA /* Logger.swift in Sources */,
				D50EB1B72864A0DF00B075AA /* OperatorTokenGenerator.swift in Sources */,
				D50EB26228698FC900B075AA /* ValueNode.swift in Sources */,
				D50EB25B28698BC700B075AA /* Element.swift in Sources */,
				D50EB1DE2865F99B00B075AA /* ParseHelpSourceFileStep.swift in Sources */,
				D50EB2722869DBE000B075AA /* CreatePkgInfoFileBuildStep.swift in Sources */,
				D5B015812871D7C500F719AF /* PropertyLocalisationNode.swift in Sources */,
				D50EB23B28670C5900B075AA /* CreateFolderBuildStep.swift in Sources */,
				D50EB1D92865F26200B075AA /* HelpSourceFile.swift in Sources */,
				D50EB19828648C8800B075AA /* HelpSourceParser.swift in Sources */,
				D50EB21D2866EABD00B075AA /* RegExprConstants.swift in Sources */,
				D50EB27A286B287E00B075AA /* StringExtension.swift in Sources */,
				D50EB169286450BB00B075AA /* HelpGen.swift in Sources */,
				D50EB28B286DC01700B075AA /* Value.swift in Sources */,
				D50EB2122866E5E000B075AA /* PropertiesReplacer.swift in Sources */,
				D50EB275286A028E00B075AA /* Config.swift in Sources */,
				D50EB1892864601700B075AA /* BuildCommand.swift in Sources */,
				D50EB20D2866E2D000B075AA /* StringReplacer.swift in Sources */,
				D50EB1EE286605C900B075AA /* SourceFile.swift in Sources */,
				D50EB25128688B4300B075AA /* Property.swift in Sources */,
				D50EB287286D9D9600B075AA /* RawStringValueTokenGenerator.swift in Sources */,
				D5565C8F2870852200F8430A /* OptionsHelper.swift in Sources */,
				D50EB17F286454F000B075AA /* Project.swift in Sources */,
				D50EB1BA2864AD7C00B075AA /* ElementTokenGenerator.swift in Sources */,
				D50EB227286700CB00B075AA /* FileType.swift in Sources */,
				D50EB24F2868854600B075AA /* FileSystemWrapper.swift in Sources */,
				D50EB289286D9DAD00B075AA /* QuotedStringValueTokenGenerator.swift in Sources */,
				D50EB26E2869D75200B075AA /* ProjectBuilder.swift in Sources */,
				D50EB2172866E76300B075AA /* GenericError.swift in Sources */,
				D50EB229286702F000B075AA /* StringReplacers.swift in Sources */,
				D50EB2702869DA7600B075AA /* CreateHelpBookPlistBuildStep.swift in Sources */,
				D50EB1B12864961400B075AA /* PropertyTokenGenerator.swift in Sources */,
				D50EB1F228660F2100B075AA /* PropertyQueryable.swift in Sources */,
				D50EB1C62865B5C800B075AA /* PropertiesNode.swift in Sources */,
				D5B0157C2871D5FB00F719AF /* HelpSourceCompiler.swift in Sources */,
				D50EB1DC2865F7AE00B075AA /* GetProjectPropertiesStep.swift in Sources */,
				D50EB19328646BD900B075AA /* TokenGenerator.swift in Sources */,
				D50EB2102866E45500B075AA /* RegExprCache.swift in Sources */,
				D50EB1C22864D32800B075AA /* PropertyNode.swift in Sources */,
				D50EB1E22865FB8C00B075AA /* BuildStep.swift in Sources */,
				D50EB1BD2864CE2500B075AA /* Parser.swift in Sources */,
				D50EB23D2867444600B075AA /* CopyAssetsBuildStep.swift in Sources */,
				D50EB1952864754C00B075AA /* PropertiesSectionTokenGenerator.swift in Sources */,
				D50EB19128646B3400B075AA /* WhiteSpacesListTokenGenerator.swift in Sources */,
			);
			runOnlyForDeploymentPostprocessing = 0;
		};
		D50EB19D2864901F00B075AA /* Sources */ = {
			isa = PBXSourcesBuildPhase;
			buildActionMask = 2147483647;
			files = (
				D50EB285286D9BAA00B075AA /* HTMLValueTransform.swift in Sources */,
				D50EB280286D9B3200B075AA /* Config.swift in Sources */,
				D50EB281286D9B3200B075AA /* StringExtension.swift in Sources */,
				D50EB282286D9B3200B075AA /* CommentTokenGenerator.swift in Sources */,
				D50EB283286D9B3200B075AA /* ValueNode.swift in Sources */,
				D50EB284286D9B3200B075AA /* EscapedString.swift in Sources */,
				D50EB25E28698CF400B075AA /* Element.swift in Sources */,
				D50EB25F28698CF400B075AA /* StorageWrapper.swift in Sources */,
				D50EB26028698CF400B075AA /* ValueTransformable.swift in Sources */,
				D50EB25428689AE300B075AA /* ArrayExtension.swift in Sources */,
				D50EB25528689AE300B075AA /* Property.swift in Sources */,
				D50EB25628689AE300B075AA /* ElementsReplacer.swift in Sources */,
				D50EB24828674F1400B075AA /* ElementQueryable.swift in Sources */,
				D50EB22E286706DD00B075AA /* GenericError.swift in Sources */,
				D50EB22F286706DD00B075AA /* NSTextCheckingResultExtension.swift in Sources */,
				D50EB230286706DD00B075AA /* RegExprMatchable.swift in Sources */,
				D50EB231286706DD00B075AA /* RegExprCache.swift in Sources */,
				D50EB232286706DD00B075AA /* FileType.swift in Sources */,
				D50EB233286706DD00B075AA /* StringReplacable.swift in Sources */,
				D50EB234286706DD00B075AA /* StringReplacer.swift in Sources */,
				D50EB235286706DD00B075AA /* StringReplacers.swift in Sources */,
				D50EB236286706DD00B075AA /* PropertiesReplacer.swift in Sources */,
				D50EB237286706DD00B075AA /* DOMStringReplacer.swift in Sources */,
				D50EB1F8286618F100B075AA /* SourceFile.swift in Sources */,
				D50EB20628661D7500B075AA /* Logger.swift in Sources */,
				D50EB1F9286618F100B075AA /* PropertyQueryable.swift in Sources */,
				D50EB27F286D8C9900B075AA /* TokenGeneratorsTests.swift in Sources */,
				D50EB1FA286618F100B075AA /* Generatable.swift in Sources */,
				D50EB1FB286618F100B075AA /* Generator.swift in Sources */,
				D50EB1FC286618F100B075AA /* HTMLHelpGenerator.swift in Sources */,
				D50EB1D22865DC4000B075AA /* HelpSourceNode.swift in Sources */,
				D50EB1CC2865CECB00B075AA /* ExprNode.swift in Sources */,
				D50EB1CD2865CECB00B075AA /* PropertiesNode.swift in Sources */,
				D50EB1CE2865CECB00B075AA /* PropertyNode.swift in Sources */,
				D50EB1CF2865CECB00B075AA /* ElementNode.swift in Sources */,
				D50EB1CA2865CE8900B075AA /* Parser.swift in Sources */,
				D50EB1CB2865CE8900B075AA /* HelpSourceParser.swift in Sources */,
				D50EB1BB2864C8C900B075AA /* ElementTokenGenerator.swift in Sources */,
				D50EB1B82864A8AF00B075AA /* OperatorTokenGenerator.swift in Sources */,
				D50EB1FD28661C1200B075AA /* HelpSourceFile.swift in Sources */,
				D50EB1B42864A04600B075AA /* PropertyTokenGenerator.swift in Sources */,
				D50EB1F7286618CD00B075AA /* HTMLHelpGeneratorTests.swift in Sources */,
				D50EB1B52864A04600B075AA /* ValueTokenGenerator.swift in Sources */,
				D50EB1A82864910200B075AA /* TokenGenerator.swift in Sources */,
				D50EB1FE28661C7300B075AA /* Project.swift in Sources */,
				D50EB20328661D2900B075AA /* GetProjectPropertiesStep.swift in Sources */,
				D50EB1A92864910200B075AA /* WhiteSpacesListTokenGenerator.swift in Sources */,
				D50EB22C286706BB00B075AA /* RegExprConstants.swift in Sources */,
				D50EB20528661D2900B075AA /* BuildStep.swift in Sources */,
				D50EB22D286706BB00B075AA /* Constants.swift in Sources */,
				D50EB1AA2864910200B075AA /* PropertiesSectionTokenGenerator.swift in Sources */,
				D50EB1AC2864910200B075AA /* Lexer.swift in Sources */,
				D50EB1C92865CE4700B075AA /* HelpSourceParserTests.swift in Sources */,
				D50EB20428661D2900B075AA /* GenerateHelpFileStep.swift in Sources */,
				D50EB1D42865E37D00B075AA /* TestFiles.swift in Sources */,
				D50EB1AD2864910200B075AA /* HelpSourceLexer.swift in Sources */,
				D50EB20228661D2900B075AA /* ParseHelpSourceFileStep.swift in Sources */,
				D50EB1AE2864910200B075AA /* Token.swift in Sources */,
				D50EB1A42864901F00B075AA /* HelpSourceLexerTests.swift in Sources */,
			);
			runOnlyForDeploymentPostprocessing = 0;
		};
/* End PBXSourcesBuildPhase section */

/* Begin XCBuildConfiguration section */
		D50EB16A286450BB00B075AA /* Debug */ = {
			isa = XCBuildConfiguration;
			buildSettings = {
				ALWAYS_SEARCH_USER_PATHS = NO;
				CLANG_ANALYZER_NONNULL = YES;
				CLANG_ANALYZER_NUMBER_OBJECT_CONVERSION = YES_AGGRESSIVE;
				CLANG_CXX_LANGUAGE_STANDARD = "gnu++17";
				CLANG_ENABLE_MODULES = YES;
				CLANG_ENABLE_OBJC_ARC = YES;
				CLANG_ENABLE_OBJC_WEAK = YES;
				CLANG_WARN_BLOCK_CAPTURE_AUTORELEASING = YES;
				CLANG_WARN_BOOL_CONVERSION = YES;
				CLANG_WARN_COMMA = YES;
				CLANG_WARN_CONSTANT_CONVERSION = YES;
				CLANG_WARN_DEPRECATED_OBJC_IMPLEMENTATIONS = YES;
				CLANG_WARN_DIRECT_OBJC_ISA_USAGE = YES_ERROR;
				CLANG_WARN_DOCUMENTATION_COMMENTS = YES;
				CLANG_WARN_EMPTY_BODY = YES;
				CLANG_WARN_ENUM_CONVERSION = YES;
				CLANG_WARN_INFINITE_RECURSION = YES;
				CLANG_WARN_INT_CONVERSION = YES;
				CLANG_WARN_NON_LITERAL_NULL_CONVERSION = YES;
				CLANG_WARN_OBJC_IMPLICIT_RETAIN_SELF = YES;
				CLANG_WARN_OBJC_LITERAL_CONVERSION = YES;
				CLANG_WARN_OBJC_ROOT_CLASS = YES_ERROR;
				CLANG_WARN_QUOTED_INCLUDE_IN_FRAMEWORK_HEADER = YES;
				CLANG_WARN_RANGE_LOOP_ANALYSIS = YES;
				CLANG_WARN_STRICT_PROTOTYPES = YES;
				CLANG_WARN_SUSPICIOUS_MOVE = YES;
				CLANG_WARN_UNGUARDED_AVAILABILITY = YES_AGGRESSIVE;
				CLANG_WARN_UNREACHABLE_CODE = YES;
				CLANG_WARN__DUPLICATE_METHOD_MATCH = YES;
				COPY_PHASE_STRIP = NO;
				DEBUG_INFORMATION_FORMAT = dwarf;
				ENABLE_STRICT_OBJC_MSGSEND = YES;
				ENABLE_TESTABILITY = YES;
				GCC_C_LANGUAGE_STANDARD = gnu11;
				GCC_DYNAMIC_NO_PIC = NO;
				GCC_NO_COMMON_BLOCKS = YES;
				GCC_OPTIMIZATION_LEVEL = 0;
				GCC_PREPROCESSOR_DEFINITIONS = (
					"DEBUG=1",
					"$(inherited)",
				);
				GCC_WARN_64_TO_32_BIT_CONVERSION = YES;
				GCC_WARN_ABOUT_RETURN_TYPE = YES_ERROR;
				GCC_WARN_UNDECLARED_SELECTOR = YES;
				GCC_WARN_UNINITIALIZED_AUTOS = YES_AGGRESSIVE;
				GCC_WARN_UNUSED_FUNCTION = YES;
				GCC_WARN_UNUSED_VARIABLE = YES;
				MACOSX_DEPLOYMENT_TARGET = 12.3;
				MTL_ENABLE_DEBUG_INFO = INCLUDE_SOURCE;
				MTL_FAST_MATH = YES;
				ONLY_ACTIVE_ARCH = YES;
				SDKROOT = macosx;
				SWIFT_ACTIVE_COMPILATION_CONDITIONS = DEBUG;
				SWIFT_OPTIMIZATION_LEVEL = "-Onone";
			};
			name = Debug;
		};
		D50EB16B286450BB00B075AA /* Release */ = {
			isa = XCBuildConfiguration;
			buildSettings = {
				ALWAYS_SEARCH_USER_PATHS = NO;
				CLANG_ANALYZER_NONNULL = YES;
				CLANG_ANALYZER_NUMBER_OBJECT_CONVERSION = YES_AGGRESSIVE;
				CLANG_CXX_LANGUAGE_STANDARD = "gnu++17";
				CLANG_ENABLE_MODULES = YES;
				CLANG_ENABLE_OBJC_ARC = YES;
				CLANG_ENABLE_OBJC_WEAK = YES;
				CLANG_WARN_BLOCK_CAPTURE_AUTORELEASING = YES;
				CLANG_WARN_BOOL_CONVERSION = YES;
				CLANG_WARN_COMMA = YES;
				CLANG_WARN_CONSTANT_CONVERSION = YES;
				CLANG_WARN_DEPRECATED_OBJC_IMPLEMENTATIONS = YES;
				CLANG_WARN_DIRECT_OBJC_ISA_USAGE = YES_ERROR;
				CLANG_WARN_DOCUMENTATION_COMMENTS = YES;
				CLANG_WARN_EMPTY_BODY = YES;
				CLANG_WARN_ENUM_CONVERSION = YES;
				CLANG_WARN_INFINITE_RECURSION = YES;
				CLANG_WARN_INT_CONVERSION = YES;
				CLANG_WARN_NON_LITERAL_NULL_CONVERSION = YES;
				CLANG_WARN_OBJC_IMPLICIT_RETAIN_SELF = YES;
				CLANG_WARN_OBJC_LITERAL_CONVERSION = YES;
				CLANG_WARN_OBJC_ROOT_CLASS = YES_ERROR;
				CLANG_WARN_QUOTED_INCLUDE_IN_FRAMEWORK_HEADER = YES;
				CLANG_WARN_RANGE_LOOP_ANALYSIS = YES;
				CLANG_WARN_STRICT_PROTOTYPES = YES;
				CLANG_WARN_SUSPICIOUS_MOVE = YES;
				CLANG_WARN_UNGUARDED_AVAILABILITY = YES_AGGRESSIVE;
				CLANG_WARN_UNREACHABLE_CODE = YES;
				CLANG_WARN__DUPLICATE_METHOD_MATCH = YES;
				COPY_PHASE_STRIP = NO;
				DEBUG_INFORMATION_FORMAT = "dwarf-with-dsym";
				ENABLE_NS_ASSERTIONS = NO;
				ENABLE_STRICT_OBJC_MSGSEND = YES;
				GCC_C_LANGUAGE_STANDARD = gnu11;
				GCC_NO_COMMON_BLOCKS = YES;
				GCC_WARN_64_TO_32_BIT_CONVERSION = YES;
				GCC_WARN_ABOUT_RETURN_TYPE = YES_ERROR;
				GCC_WARN_UNDECLARED_SELECTOR = YES;
				GCC_WARN_UNINITIALIZED_AUTOS = YES_AGGRESSIVE;
				GCC_WARN_UNUSED_FUNCTION = YES;
				GCC_WARN_UNUSED_VARIABLE = YES;
				MACOSX_DEPLOYMENT_TARGET = 12.3;
				MTL_ENABLE_DEBUG_INFO = NO;
				MTL_FAST_MATH = YES;
				SDKROOT = macosx;
				SWIFT_COMPILATION_MODE = wholemodule;
				SWIFT_OPTIMIZATION_LEVEL = "-O";
			};
			name = Release;
		};
		D50EB16D286450BB00B075AA /* Debug */ = {
			isa = XCBuildConfiguration;
			buildSettings = {
				CODE_SIGN_STYLE = Automatic;
				DEVELOPMENT_TEAM = 58S349FGKE;
				ENABLE_HARDENED_RUNTIME = YES;
				PRODUCT_NAME = "$(TARGET_NAME)";
				SWIFT_VERSION = 5.0;
			};
			name = Debug;
		};
		D50EB16E286450BB00B075AA /* Release */ = {
			isa = XCBuildConfiguration;
			buildSettings = {
				CODE_SIGN_STYLE = Automatic;
				DEVELOPMENT_TEAM = 58S349FGKE;
				ENABLE_HARDENED_RUNTIME = YES;
				PRODUCT_NAME = "$(TARGET_NAME)";
				SWIFT_VERSION = 5.0;
			};
			name = Release;
		};
		D50EB1A62864901F00B075AA /* Debug */ = {
			isa = XCBuildConfiguration;
			buildSettings = {
				CODE_SIGN_STYLE = Automatic;
				CURRENT_PROJECT_VERSION = 1;
				DEVELOPMENT_TEAM = 58S349FGKE;
				GENERATE_INFOPLIST_FILE = YES;
				MARKETING_VERSION = 1.0;
				PRODUCT_BUNDLE_IDENTIFIER = "com.moxadventu.helpgen-tests";
				PRODUCT_NAME = "$(TARGET_NAME)";
				SWIFT_EMIT_LOC_STRINGS = NO;
				SWIFT_VERSION = 5.0;
			};
			name = Debug;
		};
		D50EB1A72864901F00B075AA /* Release */ = {
			isa = XCBuildConfiguration;
			buildSettings = {
				CODE_SIGN_STYLE = Automatic;
				CURRENT_PROJECT_VERSION = 1;
				DEVELOPMENT_TEAM = 58S349FGKE;
				GENERATE_INFOPLIST_FILE = YES;
				MARKETING_VERSION = 1.0;
				PRODUCT_BUNDLE_IDENTIFIER = "com.moxadventu.helpgen-tests";
				PRODUCT_NAME = "$(TARGET_NAME)";
				SWIFT_EMIT_LOC_STRINGS = NO;
				SWIFT_VERSION = 5.0;
			};
			name = Release;
		};
/* End XCBuildConfiguration section */

/* Begin XCConfigurationList section */
		D50EB160286450BB00B075AA /* Build configuration list for PBXProject "helpgen" */ = {
			isa = XCConfigurationList;
			buildConfigurations = (
				D50EB16A286450BB00B075AA /* Debug */,
				D50EB16B286450BB00B075AA /* Release */,
			);
			defaultConfigurationIsVisible = 0;
			defaultConfigurationName = Release;
		};
		D50EB16C286450BB00B075AA /* Build configuration list for PBXNativeTarget "helpgen" */ = {
			isa = XCConfigurationList;
			buildConfigurations = (
				D50EB16D286450BB00B075AA /* Debug */,
				D50EB16E286450BB00B075AA /* Release */,
			);
			defaultConfigurationIsVisible = 0;
			defaultConfigurationName = Release;
		};
		D50EB1A52864901F00B075AA /* Build configuration list for PBXNativeTarget "helpgen-tests" */ = {
			isa = XCConfigurationList;
			buildConfigurations = (
				D50EB1A62864901F00B075AA /* Debug */,
				D50EB1A72864901F00B075AA /* Release */,
			);
			defaultConfigurationIsVisible = 0;
			defaultConfigurationName = Release;
		};
/* End XCConfigurationList section */

/* Begin XCRemoteSwiftPackageReference section */
		D50EB1772864530C00B075AA /* XCRemoteSwiftPackageReference "swift-argument-parser" */ = {
			isa = XCRemoteSwiftPackageReference;
			repositoryURL = "https://github.com/apple/swift-argument-parser.git";
			requirement = {
				kind = upToNextMajorVersion;
				minimumVersion = 1.0.0;
			};
		};
		D50EB1F3286616E900B075AA /* XCRemoteSwiftPackageReference "SwiftSoup" */ = {
			isa = XCRemoteSwiftPackageReference;
			repositoryURL = "https://github.com/scinfu/SwiftSoup.git";
			requirement = {
				kind = upToNextMajorVersion;
				minimumVersion = 2.0.0;
			};
		};
/* End XCRemoteSwiftPackageReference section */

/* Begin XCSwiftPackageProductDependency section */
		D50EB1782864530C00B075AA /* ArgumentParser */ = {
			isa = XCSwiftPackageProductDependency;
			package = D50EB1772864530C00B075AA /* XCRemoteSwiftPackageReference "swift-argument-parser" */;
			productName = ArgumentParser;
		};
		D50EB1F4286616E900B075AA /* SwiftSoup */ = {
			isa = XCSwiftPackageProductDependency;
			package = D50EB1F3286616E900B075AA /* XCRemoteSwiftPackageReference "SwiftSoup" */;
			productName = SwiftSoup;
		};
		D50EB20028661CF900B075AA /* SwiftSoup */ = {
			isa = XCSwiftPackageProductDependency;
			package = D50EB1F3286616E900B075AA /* XCRemoteSwiftPackageReference "SwiftSoup" */;
			productName = SwiftSoup;
		};
/* End XCSwiftPackageProductDependency section */
	};
	rootObject = D50EB15D286450BB00B075AA /* Project object */;
}
